
Microsoft Visual Studio Solution File, Format Version 12.00
# Visual Studio Version 16
VisualStudioVersion = 16.0.30907.101
MinimumVisualStudioVersion = 10.0.40219.1
Project("{FAE04EC0-301F-11D3-BF4B-00C04F79EFBC}") = "ExecutionTask4", "ExecutionTask4\ExecutionTask4.csproj", "{C44D2BAD-A8BE-48CF-816A-B4C913BC60B1}"
EndProject
Project("{FAE04EC0-301F-11D3-BF4B-00C04F79EFBC}") = "ClassLibraryTCP_IP", "ClassLibraryTCP_IP\ClassLibraryTCP_IP.csproj", "{B0DC31D5-1AB9-4462-BB51-0197DE34D1BD}"
EndProject
Project("{FAE04EC0-301F-11D3-BF4B-00C04F79EFBC}") = "ClassLibraryGaussMethod", "ClassLibraryGaussMethod\ClassLibraryGaussMethod.csproj", "{C8178072-3765-48BB-BCB1-AA66321541A5}"
EndProject
Global
	GlobalSection(SolutionConfigurationPlatforms) = preSolution
		Debug|Any CPU = Debug|Any CPU
		Release|Any CPU = Release|Any CPU
	EndGlobalSection
	GlobalSection(ProjectConfigurationPlatforms) = postSolution
		{C44D2BAD-A8BE-48CF-816A-B4C913BC60B1}.Debug|Any CPU.ActiveCfg = Debug|Any CPU
		{C44D2BAD-A8BE-48CF-816A-B4C913BC60B1}.Debug|Any CPU.Build.0 = Debug|Any CPU
		{C44D2BAD-A8BE-48CF-816A-B4C913BC60B1}.Release|Any CPU.ActiveCfg = Release|Any CPU
		{C44D2BAD-A8BE-48CF-816A-B4C913BC60B1}.Release|Any CPU.Build.0 = Release|Any CPU
		{B0DC31D5-1AB9-4462-BB51-0197DE34D1BD}.Debug|Any CPU.ActiveCfg = Debug|Any CPU
		{B0DC31D5-1AB9-4462-BB51-0197DE34D1BD}.Debug|Any CPU.Build.0 = Debug|Any CPU
		{B0DC31D5-1AB9-4462-BB51-0197DE34D1BD}.Release|Any CPU.ActiveCfg = Release|Any CPU
		{B0DC31D5-1AB9-4462-BB51-0197DE34D1BD}.Release|Any CPU.Build.0 = Release|Any CPU
		{C8178072-3765-48BB-BCB1-AA66321541A5}.Debug|Any CPU.ActiveCfg = Debug|Any CPU
		{C8178072-3765-48BB-BCB1-AA66321541A5}.Debug|Any CPU.Build.0 = Debug|Any CPU
		{C8178072-3765-48BB-BCB1-AA66321541A5}.Release|Any CPU.ActiveCfg = Release|Any CPU
		{C8178072-3765-48BB-BCB1-AA66321541A5}.Release|Any CPU.Build.0 = Release|Any CPU
	EndGlobalSection
	GlobalSection(SolutionProperties) = preSolution
		HideSolutionNode = FALSE
	EndGlobalSection
	GlobalSection(ExtensibilityGlobals) = postSolution
		SolutionGuid = {86EDD95B-A11C-4BE7-9C37-B4334B4B07FA}
	EndGlobalSection
EndGlobal
