
Microsoft Visual Studio Solution File, Format Version 12.00
# Visual Studio Version 16
VisualStudioVersion = 16.0.30907.101
MinimumVisualStudioVersion = 10.0.40219.1
Project("{9A19103F-16F7-4668-BE54-9A1E7A4F7556}") = "ClassLibraryCarPark", "ClassLibraryCarPark\ClassLibraryCarPark.csproj", "{D2629308-5B62-4D41-82B7-9BF2342EE2EF}"
EndProject
Project("{9A19103F-16F7-4668-BE54-9A1E7A4F7556}") = "Execution", "Execution\Execution.csproj", "{604E88AD-574E-405D-A821-6F2F488FAA8D}"
EndProject
Project("{2150E333-8FDC-42A3-9474-1A3956D46DE8}") = "Solution Items", "Solution Items", "{FB6DEC14-FB0D-4B40-A212-BBA46407ECC8}"
	ProjectSection(SolutionItems) = preProject
		CarPark1.xml = CarPark1.xml
	EndProjectSection
EndProject
Project("{FAE04EC0-301F-11D3-BF4B-00C04F79EFBC}") = "UnitTestTask2", "UnitTestЕфыл2\UnitTestTask2.csproj", "{A78FCD56-6185-4C97-BDE9-91868A064963}"
EndProject
Global
	GlobalSection(SolutionConfigurationPlatforms) = preSolution
		Debug|Any CPU = Debug|Any CPU
		Release|Any CPU = Release|Any CPU
	EndGlobalSection
	GlobalSection(ProjectConfigurationPlatforms) = postSolution
		{D2629308-5B62-4D41-82B7-9BF2342EE2EF}.Debug|Any CPU.ActiveCfg = Debug|Any CPU
		{D2629308-5B62-4D41-82B7-9BF2342EE2EF}.Debug|Any CPU.Build.0 = Debug|Any CPU
		{D2629308-5B62-4D41-82B7-9BF2342EE2EF}.Release|Any CPU.ActiveCfg = Release|Any CPU
		{D2629308-5B62-4D41-82B7-9BF2342EE2EF}.Release|Any CPU.Build.0 = Release|Any CPU
		{604E88AD-574E-405D-A821-6F2F488FAA8D}.Debug|Any CPU.ActiveCfg = Debug|Any CPU
		{604E88AD-574E-405D-A821-6F2F488FAA8D}.Debug|Any CPU.Build.0 = Debug|Any CPU
		{604E88AD-574E-405D-A821-6F2F488FAA8D}.Release|Any CPU.ActiveCfg = Release|Any CPU
		{604E88AD-574E-405D-A821-6F2F488FAA8D}.Release|Any CPU.Build.0 = Release|Any CPU
		{A78FCD56-6185-4C97-BDE9-91868A064963}.Debug|Any CPU.ActiveCfg = Debug|Any CPU
		{A78FCD56-6185-4C97-BDE9-91868A064963}.Debug|Any CPU.Build.0 = Debug|Any CPU
		{A78FCD56-6185-4C97-BDE9-91868A064963}.Release|Any CPU.ActiveCfg = Release|Any CPU
		{A78FCD56-6185-4C97-BDE9-91868A064963}.Release|Any CPU.Build.0 = Release|Any CPU
	EndGlobalSection
	GlobalSection(SolutionProperties) = preSolution
		HideSolutionNode = FALSE
	EndGlobalSection
	GlobalSection(ExtensibilityGlobals) = postSolution
		SolutionGuid = {86EDD95B-A11C-4BE7-9C37-B4334B4B07FA}
	EndGlobalSection
EndGlobal
